
Microsoft Visual Studio Solution File, Format Version 12.00
# Visual Studio Version 17
VisualStudioVersion = 17.1.32407.343
MinimumVisualStudioVersion = 10.0.40219.1
Project("{9A19103F-16F7-4668-BE54-9A1E7A4F7556}") = "WorldExplorer", "WorldExplorer\WorldExplorer.csproj", "{75A3F7F4-8C1C-4B8E-97DF-819307823349}"
EndProject
Project("{2150E333-8FDC-42A3-9474-1A3956D46DE8}") = "Solution Items", "Solution Items", "{25D8CC49-9867-4489-9D7A-38AE8C737AC8}"
	ProjectSection(SolutionItems) = preProject
		.editorconfig = .editorconfig
	EndProjectSection
EndProject
Global
	GlobalSection(SolutionConfigurationPlatforms) = preSolution
		Debug|Any CPU = Debug|Any CPU
		Release|Any CPU = Release|Any CPU
	EndGlobalSection
	GlobalSection(ProjectConfigurationPlatforms) = postSolution
		{75A3F7F4-8C1C-4B8E-97DF-819307823349}.Debug|Any CPU.ActiveCfg = Debug|Any CPU
		{75A3F7F4-8C1C-4B8E-97DF-819307823349}.Debug|Any CPU.Build.0 = Debug|Any CPU
		{75A3F7F4-8C1C-4B8E-97DF-819307823349}.Release|Any CPU.ActiveCfg = Release|Any CPU
		{75A3F7F4-8C1C-4B8E-97DF-819307823349}.Release|Any CPU.Build.0 = Release|Any CPU
	EndGlobalSection
	GlobalSection(SolutionProperties) = preSolution
		HideSolutionNode = FALSE
	EndGlobalSection
	GlobalSection(ExtensibilityGlobals) = postSolution
		SolutionGuid = {905947F6-15E6-452D-B08A-0392BE8ED9E9}
	EndGlobalSection
EndGlobal
