
Microsoft Visual Studio Solution File, Format Version 12.00
# Visual Studio Version 16
VisualStudioVersion = 16.0.30907.101
MinimumVisualStudioVersion = 10.0.40219.1
Project("{FAE04EC0-301F-11D3-BF4B-00C04F79EFBC}") = "WorldExplorer", "WorldExplorer\WorldExplorer.csproj", "{75A3F7F4-8C1C-4B8E-97DF-819307823349}"
EndProject
Project("{2150E333-8FDC-42A3-9474-1A3956D46DE8}") = "Solution Items", "Solution Items", "{25D8CC49-9867-4489-9D7A-38AE8C737AC8}"
	ProjectSection(SolutionItems) = preProject
		.editorconfig = .editorconfig
	EndProjectSection
EndProject
Global
	GlobalSection(SolutionConfigurationPlatforms) = preSolution
		Debug|x86 = Debug|x86
		Release|x86 = Release|x86
	EndGlobalSection
	GlobalSection(ProjectConfigurationPlatforms) = postSolution
		{75A3F7F4-8C1C-4B8E-97DF-819307823349}.Debug|x86.ActiveCfg = Debug|x86
		{75A3F7F4-8C1C-4B8E-97DF-819307823349}.Debug|x86.Build.0 = Debug|x86
		{75A3F7F4-8C1C-4B8E-97DF-819307823349}.Release|x86.ActiveCfg = Release|x86
		{75A3F7F4-8C1C-4B8E-97DF-819307823349}.Release|x86.Build.0 = Release|x86
	EndGlobalSection
	GlobalSection(SolutionProperties) = preSolution
		HideSolutionNode = FALSE
	EndGlobalSection
	GlobalSection(ExtensibilityGlobals) = postSolution
		SolutionGuid = {905947F6-15E6-452D-B08A-0392BE8ED9E9}
	EndGlobalSection
EndGlobal
